
Microsoft Visual Studio Solution File, Format Version 12.00
# Visual Studio 2012
Project("{F184B08F-C81C-45F6-A57F-5ABD9991F28F}") = "Project_OfisAB", "Project_OfisAB\Project_OfisAB.vbproj", "{85AC47C4-C4B2-4E3B-B3A7-F2DE6546CAA3}"
EndProject
Global
	GlobalSection(SolutionConfigurationPlatforms) = preSolution
		Debug|Any CPU = Debug|Any CPU
		Release|Any CPU = Release|Any CPU
	EndGlobalSection
	GlobalSection(ProjectConfigurationPlatforms) = postSolution
		{85AC47C4-C4B2-4E3B-B3A7-F2DE6546CAA3}.Debug|Any CPU.ActiveCfg = Debug|Any CPU
		{85AC47C4-C4B2-4E3B-B3A7-F2DE6546CAA3}.Debug|Any CPU.Build.0 = Debug|Any CPU
		{85AC47C4-C4B2-4E3B-B3A7-F2DE6546CAA3}.Release|Any CPU.ActiveCfg = Release|Any CPU
		{85AC47C4-C4B2-4E3B-B3A7-F2DE6546CAA3}.Release|Any CPU.Build.0 = Release|Any CPU
	EndGlobalSection
	GlobalSection(SolutionProperties) = preSolution
		HideSolutionNode = FALSE
	EndGlobalSection
EndGlobal
